Microsoft Visual Studio Solution File, Format Version 12.00
# Visual Studio Version 17
VisualStudioVersion = 17.5.2.0
MinimumVisualStudioVersion = 10.0.40219.1
Project("{2150E333-8FDC-42A3-9474-1A3956D46DE8}") = "estrutura-de-dados", "estrutura-de-dados", "{BE093405-82FA-BCB5-12B6-8826CA41E2E8}"
EndProject
Project("{FAE04EC0-301F-11D3-BF4B-00C04F79EFBC}") = "Vetores", "estrutura-de-dados\Vetores\Vetores.csproj", "{AB3C85A1-E77E-529F-AC33-350D9B17EE3E}"
EndProject
Global
	GlobalSection(SolutionConfigurationPlatforms) = preSolution
		Debug|Any CPU = Debug|Any CPU
		Release|Any CPU = Release|Any CPU
	EndGlobalSection
	GlobalSection(ProjectConfigurationPlatforms) = postSolution
		{AB3C85A1-E77E-529F-AC33-350D9B17EE3E}.Debug|Any CPU.ActiveCfg = Debug|Any CPU
		{AB3C85A1-E77E-529F-AC33-350D9B17EE3E}.Debug|Any CPU.Build.0 = Debug|Any CPU
		{AB3C85A1-E77E-529F-AC33-350D9B17EE3E}.Release|Any CPU.ActiveCfg = Release|Any CPU
		{AB3C85A1-E77E-529F-AC33-350D9B17EE3E}.Release|Any CPU.Build.0 = Release|Any CPU
	EndGlobalSection
	GlobalSection(SolutionProperties) = preSolution
		HideSolutionNode = FALSE
	EndGlobalSection
	GlobalSection(NestedProjects) = preSolution
		{AB3C85A1-E77E-529F-AC33-350D9B17EE3E} = {BE093405-82FA-BCB5-12B6-8826CA41E2E8}
	EndGlobalSection
	GlobalSection(ExtensibilityGlobals) = postSolution
		SolutionGuid = {F9132F6A-C243-4C6B-8FC4-3C7E7A5AF12B}
	EndGlobalSection
EndGlobal
